
Microsoft Visual Studio Solution File, Format Version 12.00
# Visual Studio Version 16
VisualStudioVersion = 16.0.29905.134
MinimumVisualStudioVersion = 10.0.40219.1
Project("{FAE04EC0-301F-11D3-BF4B-00C04F79EFBC}") = "LastSunday", "LastSunday\LastSunday.csproj", "{3E4C8E51-0185-4AD5-B6BA-AFDC3CD8EAB9}"
EndProject
Global
	GlobalSection(SolutionConfigurationPlatforms) = preSolution
		Debug|Any CPU = Debug|Any CPU
		Release|Any CPU = Release|Any CPU
	EndGlobalSection
	GlobalSection(ProjectConfigurationPlatforms) = postSolution
		{3E4C8E51-0185-4AD5-B6BA-AFDC3CD8EAB9}.Debug|Any CPU.ActiveCfg = Debug|Any CPU
		{3E4C8E51-0185-4AD5-B6BA-AFDC3CD8EAB9}.Debug|Any CPU.Build.0 = Debug|Any CPU
		{3E4C8E51-0185-4AD5-B6BA-AFDC3CD8EAB9}.Release|Any CPU.ActiveCfg = Release|Any CPU
		{3E4C8E51-0185-4AD5-B6BA-AFDC3CD8EAB9}.Release|Any CPU.Build.0 = Release|Any CPU
	EndGlobalSection
	GlobalSection(SolutionProperties) = preSolution
		HideSolutionNode = FALSE
	EndGlobalSection
	GlobalSection(ExtensibilityGlobals) = postSolution
		SolutionGuid = {5E19BAA4-F6F1-4D26-97FE-77504E995BF7}
	EndGlobalSection
EndGlobal
